// !$*UTF8*$!
{
	archiveVersion = 1;
	classes = {
	};
	objectVersion = 55;
	objects = {

/* Begin PBXBuildFile section */
		2E3DDF1E28D0A30D00D3EC00 /* TicolingoApp.swift in Sources */ = {isa = PBXBuildFile; fileRef = 2E3DDF1D28D0A30D00D3EC00 /* TicolingoApp.swift */; };
		2E3DDF2028D0A30D00D3EC00 /* ContentView.swift in Sources */ = {isa = PBXBuildFile; fileRef = 2E3DDF1F28D0A30D00D3EC00 /* ContentView.swift */; };
		2E3DDF2228D0A31000D3EC00 /* Assets.xcassets in Resources */ = {isa = PBXBuildFile; fileRef = 2E3DDF2128D0A31000D3EC00 /* Assets.xcassets */; };
		2E3DDF2528D0A31000D3EC00 /* Preview Assets.xcassets in Resources */ = {isa = PBXBuildFile; fileRef = 2E3DDF2428D0A31000D3EC00 /* Preview Assets.xcassets */; };
		2E3DDF2C28D0A38100D3EC00 /* StudySetDetailView.swift in Sources */ = {isa = PBXBuildFile; fileRef = 2E3DDF2B28D0A38100D3EC00 /* StudySetDetailView.swift */; };
		2E3DDF2E28D0A3A500D3EC00 /* TermDetailView.swift in Sources */ = {isa = PBXBuildFile; fileRef = 2E3DDF2D28D0A3A500D3EC00 /* TermDetailView.swift */; };
		2E3DDF3028D0A3B400D3EC00 /* Data.swift in Sources */ = {isa = PBXBuildFile; fileRef = 2E3DDF2F28D0A3B400D3EC00 /* Data.swift */; };
		2E3DDF3228D0A3E100D3EC00 /* Colours.swift in Sources */ = {isa = PBXBuildFile; fileRef = 2E3DDF3128D0A3E100D3EC00 /* Colours.swift */; };
		93159F6728D59A9000C55C5A /* HanziPinyinResource.swift in Sources */ = {isa = PBXBuildFile; fileRef = 93159F6228D59A9000C55C5A /* HanziPinyinResource.swift */; };
		93159F6828D59A9000C55C5A /* PinyinFormatter.swift in Sources */ = {isa = PBXBuildFile; fileRef = 93159F6328D59A9000C55C5A /* PinyinFormatter.swift */; };
		93159F6928D59A9000C55C5A /* String+HanziPinyin.swift in Sources */ = {isa = PBXBuildFile; fileRef = 93159F6428D59A9000C55C5A /* String+HanziPinyin.swift */; };
		93159F6A28D59A9000C55C5A /* HanziPinyin.swift in Sources */ = {isa = PBXBuildFile; fileRef = 93159F6528D59A9000C55C5A /* HanziPinyin.swift */; };
		93159F6B28D59A9000C55C5A /* PinyinOutputFormat.swift in Sources */ = {isa = PBXBuildFile; fileRef = 93159F6628D59A9000C55C5A /* PinyinOutputFormat.swift */; };
		93159F6D28D59E1B00C55C5A /* unicode_to_hanyu_pinyin.txt in Resources */ = {isa = PBXBuildFile; fileRef = 93159F6C28D59E1B00C55C5A /* unicode_to_hanyu_pinyin.txt */; };
		93159F7028D5A10000C55C5A /* Vocab.swift in Sources */ = {isa = PBXBuildFile; fileRef = 93159F6F28D5A10000C55C5A /* Vocab.swift */; };
		93159F7228D5A12200C55C5A /* StudySet.swift in Sources */ = {isa = PBXBuildFile; fileRef = 93159F7128D5A12200C55C5A /* StudySet.swift */; };
		93159F7428D5A12B00C55C5A /* StudySetGroup.swift in Sources */ = {isa = PBXBuildFile; fileRef = 93159F7328D5A12B00C55C5A /* StudySetGroup.swift */; };
		93159F7A28D5A70E00C55C5A /* DragAndMatchView.swift in Sources */ = {isa = PBXBuildFile; fileRef = 93159F7828D5A70E00C55C5A /* DragAndMatchView.swift */; };
		93159F7B28D5A70E00C55C5A /* QuizResultsView.swift in Sources */ = {isa = PBXBuildFile; fileRef = 93159F7928D5A70E00C55C5A /* QuizResultsView.swift */; };
		93159F7D28D5A73200C55C5A /* Question.swift in Sources */ = {isa = PBXBuildFile; fileRef = 93159F7C28D5A73200C55C5A /* Question.swift */; };
/* End PBXBuildFile section */

/* Begin PBXFileReference section */
		2E3DDF1A28D0A30D00D3EC00 /* Ticolingo.app */ = {isa = PBXFileReference; explicitFileType = wrapper.application; includeInIndex = 0; path = Ticolingo.app; sourceTree = BUILT_PRODUCTS_DIR; };
		2E3DDF1D28D0A30D00D3EC00 /* TicolingoApp.swift */ = {isa = PBXFileReference; lastKnownFileType = sourcecode.swift; path = TicolingoApp.swift; sourceTree = "<group>"; };
		2E3DDF1F28D0A30D00D3EC00 /* ContentView.swift */ = {isa = PBXFileReference; lastKnownFileType = sourcecode.swift; path = ContentView.swift; sourceTree = "<group>"; };
		2E3DDF2128D0A31000D3EC00 /* Assets.xcassets */ = {isa = PBXFileReference; lastKnownFileType = folder.assetcatalog; path = Assets.xcassets; sourceTree = "<group>"; };
		2E3DDF2428D0A31000D3EC00 /* Preview Assets.xcassets */ = {isa = PBXFileReference; lastKnownFileType = folder.assetcatalog; path = "Preview Assets.xcassets"; sourceTree = "<group>"; };
		2E3DDF2B28D0A38100D3EC00 /* StudySetDetailView.swift */ = {isa = PBXFileReference; lastKnownFileType = sourcecode.swift; path = StudySetDetailView.swift; sourceTree = "<group>"; };
		2E3DDF2D28D0A3A500D3EC00 /* TermDetailView.swift */ = {isa = PBXFileReference; lastKnownFileType = sourcecode.swift; path = TermDetailView.swift; sourceTree = "<group>"; };
		2E3DDF2F28D0A3B400D3EC00 /* Data.swift */ = {isa = PBXFileReference; lastKnownFileType = sourcecode.swift; path = Data.swift; sourceTree = "<group>"; };
		2E3DDF3128D0A3E100D3EC00 /* Colours.swift */ = {isa = PBXFileReference; lastKnownFileType = sourcecode.swift; path = Colours.swift; sourceTree = "<group>"; };
		93159F6228D59A9000C55C5A /* HanziPinyinResource.swift */ = {isa = PBXFileReference; fileEncoding = 4; lastKnownFileType = sourcecode.swift; path = HanziPinyinResource.swift; sourceTree = "<group>"; };
		93159F6328D59A9000C55C5A /* PinyinFormatter.swift */ = {isa = PBXFileReference; fileEncoding = 4; lastKnownFileType = sourcecode.swift; path = PinyinFormatter.swift; sourceTree = "<group>"; };
		93159F6428D59A9000C55C5A /* String+HanziPinyin.swift */ = {isa = PBXFileReference; fileEncoding = 4; lastKnownFileType = sourcecode.swift; path = "String+HanziPinyin.swift"; sourceTree = "<group>"; };
		93159F6528D59A9000C55C5A /* HanziPinyin.swift */ = {isa = PBXFileReference; fileEncoding = 4; lastKnownFileType = sourcecode.swift; path = HanziPinyin.swift; sourceTree = "<group>"; };
		93159F6628D59A9000C55C5A /* PinyinOutputFormat.swift */ = {isa = PBXFileReference; fileEncoding = 4; lastKnownFileType = sourcecode.swift; path = PinyinOutputFormat.swift; sourceTree = "<group>"; };
		93159F6C28D59E1B00C55C5A /* unicode_to_hanyu_pinyin.txt */ = {isa = PBXFileReference; fileEncoding = 4; lastKnownFileType = text; path = unicode_to_hanyu_pinyin.txt; sourceTree = "<group>"; };
		93159F6F28D5A10000C55C5A /* Vocab.swift */ = {isa = PBXFileReference; lastKnownFileType = sourcecode.swift; path = Vocab.swift; sourceTree = "<group>"; };
		93159F7128D5A12200C55C5A /* StudySet.swift */ = {isa = PBXFileReference; lastKnownFileType = sourcecode.swift; path = StudySet.swift; sourceTree = "<group>"; };
		93159F7328D5A12B00C55C5A /* StudySetGroup.swift */ = {isa = PBXFileReference; lastKnownFileType = sourcecode.swift; path = StudySetGroup.swift; sourceTree = "<group>"; };
		93159F7828D5A70E00C55C5A /* DragAndMatchView.swift */ = {isa = PBXFileReference; fileEncoding = 4; lastKnownFileType = sourcecode.swift; path = DragAndMatchView.swift; sourceTree = "<group>"; };
		93159F7928D5A70E00C55C5A /* QuizResultsView.swift */ = {isa = PBXFileReference; fileEncoding = 4; lastKnownFileType = sourcecode.swift; path = QuizResultsView.swift; sourceTree = "<group>"; };
		93159F7C28D5A73200C55C5A /* Question.swift */ = {isa = PBXFileReference; lastKnownFileType = sourcecode.swift; path = Question.swift; sourceTree = "<group>"; };
/* End PBXFileReference section */

/* Begin PBXFrameworksBuildPhase section */
		2E3DDF1728D0A30D00D3EC00 /* Frameworks */ = {
			isa = PBXFrameworksBuildPhase;
			buildActionMask = 2147483647;
			files = (
			);
			runOnlyForDeploymentPostprocessing = 0;
		};
/* End PBXFrameworksBuildPhase section */

/* Begin PBXGroup section */
		2E3DDF1128D0A30D00D3EC00 = {
			isa = PBXGroup;
			children = (
				2E3DDF1C28D0A30D00D3EC00 /* Ticolingo */,
				93159F6128D59A5900C55C5A /* PinYin */,
				2E3DDF1B28D0A30D00D3EC00 /* Products */,
			);
			sourceTree = "<group>";
		};
		2E3DDF1B28D0A30D00D3EC00 /* Products */ = {
			isa = PBXGroup;
			children = (
				2E3DDF1A28D0A30D00D3EC00 /* Ticolingo.app */,
			);
			name = Products;
			sourceTree = "<group>";
		};
		2E3DDF1C28D0A30D00D3EC00 /* Ticolingo */ = {
			isa = PBXGroup;
			children = (
				93159F7628D5A6E700C55C5A /* Quizzes */,
				93159F6E28D5A0F100C55C5A /* Vocab */,
				93159F7528D5A5E200C55C5A /* SetHierarchy */,
				2E3DDF3128D0A3E100D3EC00 /* Colours.swift */,
				2E3DDF1D28D0A30D00D3EC00 /* TicolingoApp.swift */,
				2E3DDF2128D0A31000D3EC00 /* Assets.xcassets */,
				2E3DDF2328D0A31000D3EC00 /* Preview Content */,
			);
			path = Ticolingo;
			sourceTree = "<group>";
		};
		2E3DDF2328D0A31000D3EC00 /* Preview Content */ = {
			isa = PBXGroup;
			children = (
				2E3DDF2428D0A31000D3EC00 /* Preview Assets.xcassets */,
			);
			path = "Preview Content";
			sourceTree = "<group>";
		};
		93159F6128D59A5900C55C5A /* PinYin */ = {
			isa = PBXGroup;
			children = (
				93159F6C28D59E1B00C55C5A /* unicode_to_hanyu_pinyin.txt */,
				93159F6528D59A9000C55C5A /* HanziPinyin.swift */,
				93159F6228D59A9000C55C5A /* HanziPinyinResource.swift */,
				93159F6328D59A9000C55C5A /* PinyinFormatter.swift */,
				93159F6628D59A9000C55C5A /* PinyinOutputFormat.swift */,
				93159F6428D59A9000C55C5A /* String+HanziPinyin.swift */,
			);
			path = PinYin;
			sourceTree = "<group>";
		};
		93159F6E28D5A0F100C55C5A /* Vocab */ = {
			isa = PBXGroup;
			children = (
				2E3DDF2F28D0A3B400D3EC00 /* Data.swift */,
				93159F6F28D5A10000C55C5A /* Vocab.swift */,
				93159F7128D5A12200C55C5A /* StudySet.swift */,
				93159F7328D5A12B00C55C5A /* StudySetGroup.swift */,
			);
			path = Vocab;
			sourceTree = "<group>";
		};
		93159F7528D5A5E200C55C5A /* SetHierarchy */ = {
			isa = PBXGroup;
			children = (
				2E3DDF1F28D0A30D00D3EC00 /* ContentView.swift */,
				2E3DDF2B28D0A38100D3EC00 /* StudySetDetailView.swift */,
				2E3DDF2D28D0A3A500D3EC00 /* TermDetailView.swift */,
			);
			path = SetHierarchy;
			sourceTree = "<group>";
		};
		93159F7628D5A6E700C55C5A /* Quizzes */ = {
			isa = PBXGroup;
			children = (
				93159F7728D5A6FB00C55C5A /* DragAndMatch */,
				93159F7C28D5A73200C55C5A /* Question.swift */,
				93159F7928D5A70E00C55C5A /* QuizResultsView.swift */,
			);
			path = Quizzes;
			sourceTree = "<group>";
		};
		93159F7728D5A6FB00C55C5A /* DragAndMatch */ = {
			isa = PBXGroup;
			children = (
				93159F7828D5A70E00C55C5A /* DragAndMatchView.swift */,
			);
			path = DragAndMatch;
			sourceTree = "<group>";
		};
/* End PBXGroup section */

/* Begin PBXNativeTarget section */
		2E3DDF1928D0A30D00D3EC00 /* Ticolingo */ = {
			isa = PBXNativeTarget;
			buildConfigurationList = 2E3DDF2828D0A31000D3EC00 /* Build configuration list for PBXNativeTarget "Ticolingo" */;
			buildPhases = (
				2E3DDF1628D0A30D00D3EC00 /* Sources */,
				2E3DDF1728D0A30D00D3EC00 /* Frameworks */,
				2E3DDF1828D0A30D00D3EC00 /* Resources */,
			);
			buildRules = (
			);
			dependencies = (
			);
			name = Ticolingo;
			productName = Ticolingo;
			productReference = 2E3DDF1A28D0A30D00D3EC00 /* Ticolingo.app */;
			productType = "com.apple.product-type.application";
		};
/* End PBXNativeTarget section */

/* Begin PBXProject section */
		2E3DDF1228D0A30D00D3EC00 /* Project object */ = {
			isa = PBXProject;
			attributes = {
				BuildIndependentTargetsInParallel = 1;
				LastSwiftUpdateCheck = 1340;
				LastUpgradeCheck = 1340;
				TargetAttributes = {
					2E3DDF1928D0A30D00D3EC00 = {
						CreatedOnToolsVersion = 13.4.1;
					};
				};
			};
			buildConfigurationList = 2E3DDF1528D0A30D00D3EC00 /* Build configuration list for PBXProject "Ticolingo" */;
			compatibilityVersion = "Xcode 13.0";
			developmentRegion = en;
			hasScannedForEncodings = 0;
			knownRegions = (
				en,
				Base,
			);
			mainGroup = 2E3DDF1128D0A30D00D3EC00;
			productRefGroup = 2E3DDF1B28D0A30D00D3EC00 /* Products */;
			projectDirPath = "";
			projectRoot = "";
			targets = (
				2E3DDF1928D0A30D00D3EC00 /* Ticolingo */,
			);
		};
/* End PBXProject section */

/* Begin PBXResourcesBuildPhase section */
		2E3DDF1828D0A30D00D3EC00 /* Resources */ = {
			isa = PBXResourcesBuildPhase;
			buildActionMask = 2147483647;
			files = (
				93159F6D28D59E1B00C55C5A /* unicode_to_hanyu_pinyin.txt in Resources */,
				2E3DDF2528D0A31000D3EC00 /* Preview Assets.xcassets in Resources */,
				2E3DDF2228D0A31000D3EC00 /* Assets.xcassets in Resources */,
			);
			runOnlyForDeploymentPostprocessing = 0;
		};
/* End PBXResourcesBuildPhase section */

/* Begin PBXSourcesBuildPhase section */
		2E3DDF1628D0A30D00D3EC00 /* Sources */ = {
			isa = PBXSourcesBuildPhase;
			buildActionMask = 2147483647;
			files = (
				93159F7A28D5A70E00C55C5A /* DragAndMatchView.swift in Sources */,
				93159F7428D5A12B00C55C5A /* StudySetGroup.swift in Sources */,
				2E3DDF2C28D0A38100D3EC00 /* StudySetDetailView.swift in Sources */,
				93159F7D28D5A73200C55C5A /* Question.swift in Sources */,
				93159F6928D59A9000C55C5A /* String+HanziPinyin.swift in Sources */,
				2E3DDF3228D0A3E100D3EC00 /* Colours.swift in Sources */,
				93159F6728D59A9000C55C5A /* HanziPinyinResource.swift in Sources */,
				93159F7B28D5A70E00C55C5A /* QuizResultsView.swift in Sources */,
				93159F6828D59A9000C55C5A /* PinyinFormatter.swift in Sources */,
				93159F7028D5A10000C55C5A /* Vocab.swift in Sources */,
				93159F6B28D59A9000C55C5A /* PinyinOutputFormat.swift in Sources */,
				93159F7228D5A12200C55C5A /* StudySet.swift in Sources */,
				93159F6A28D59A9000C55C5A /* HanziPinyin.swift in Sources */,
				2E3DDF3028D0A3B400D3EC00 /* Data.swift in Sources */,
				2E3DDF2E28D0A3A500D3EC00 /* TermDetailView.swift in Sources */,
				2E3DDF2028D0A30D00D3EC00 /* ContentView.swift in Sources */,
				2E3DDF1E28D0A30D00D3EC00 /* TicolingoApp.swift in Sources */,
			);
			runOnlyForDeploymentPostprocessing = 0;
		};
/* End PBXSourcesBuildPhase section */

/* Begin XCBuildConfiguration section */
		2E3DDF2628D0A31000D3EC00 /* Debug */ = {
			isa = XCBuildConfiguration;
			buildSettings = {
				ALWAYS_SEARCH_USER_PATHS = NO;
				CLANG_ANALYZER_NONNULL = YES;
				CLANG_ANALYZER_NUMBER_OBJECT_CONVERSION = YES_AGGRESSIVE;
				CLANG_CXX_LANGUAGE_STANDARD = "gnu++17";
				CLANG_ENABLE_MODULES = YES;
				CLANG_ENABLE_OBJC_ARC = YES;
				CLANG_ENABLE_OBJC_WEAK = YES;
				CLANG_WARN_BLOCK_CAPTURE_AUTORELEASING = YES;
				CLANG_WARN_BOOL_CONVERSION = YES;
				CLANG_WARN_COMMA = YES;
				CLANG_WARN_CONSTANT_CONVERSION = YES;
				CLANG_WARN_DEPRECATED_OBJC_IMPLEMENTATIONS = YES;
				CLANG_WARN_DIRECT_OBJC_ISA_USAGE = YES_ERROR;
				CLANG_WARN_DOCUMENTATION_COMMENTS = YES;
				CLANG_WARN_EMPTY_BODY = YES;
				CLANG_WARN_ENUM_CONVERSION = YES;
				CLANG_WARN_INFINITE_RECURSION = YES;
				CLANG_WARN_INT_CONVERSION = YES;
				CLANG_WARN_NON_LITERAL_NULL_CONVERSION = YES;
				CLANG_WARN_OBJC_IMPLICIT_RETAIN_SELF = YES;
				CLANG_WARN_OBJC_LITERAL_CONVERSION = YES;
				CLANG_WARN_OBJC_ROOT_CLASS = YES_ERROR;
				CLANG_WARN_QUOTED_INCLUDE_IN_FRAMEWORK_HEADER = YES;
				CLANG_WARN_RANGE_LOOP_ANALYSIS = YES;
				CLANG_WARN_STRICT_PROTOTYPES = YES;
				CLANG_WARN_SUSPICIOUS_MOVE = YES;
				CLANG_WARN_UNGUARDED_AVAILABILITY = YES_AGGRESSIVE;
				CLANG_WARN_UNREACHABLE_CODE = YES;
				CLANG_WARN__DUPLICATE_METHOD_MATCH = YES;
				COPY_PHASE_STRIP = NO;
				DEBUG_INFORMATION_FORMAT = dwarf;
				ENABLE_STRICT_OBJC_MSGSEND = YES;
				ENABLE_TESTABILITY = YES;
				GCC_C_LANGUAGE_STANDARD = gnu11;
				GCC_DYNAMIC_NO_PIC = NO;
				GCC_NO_COMMON_BLOCKS = YES;
				GCC_OPTIMIZATION_LEVEL = 0;
				GCC_PREPROCESSOR_DEFINITIONS = (
					"DEBUG=1",
					"$(inherited)",
				);
				GCC_WARN_64_TO_32_BIT_CONVERSION = YES;
				GCC_WARN_ABOUT_RETURN_TYPE = YES_ERROR;
				GCC_WARN_UNDECLARED_SELECTOR = YES;
				GCC_WARN_UNINITIALIZED_AUTOS = YES_AGGRESSIVE;
				GCC_WARN_UNUSED_FUNCTION = YES;
				GCC_WARN_UNUSED_VARIABLE = YES;
				IPHONEOS_DEPLOYMENT_TARGET = 15.5;
				MTL_ENABLE_DEBUG_INFO = INCLUDE_SOURCE;
				MTL_FAST_MATH = YES;
				ONLY_ACTIVE_ARCH = YES;
				SDKROOT = iphoneos;
				SWIFT_ACTIVE_COMPILATION_CONDITIONS = DEBUG;
				SWIFT_OPTIMIZATION_LEVEL = "-Onone";
			};
			name = Debug;
		};
		2E3DDF2728D0A31000D3EC00 /* Release */ = {
			isa = XCBuildConfiguration;
			buildSettings = {
				ALWAYS_SEARCH_USER_PATHS = NO;
				CLANG_ANALYZER_NONNULL = YES;
				CLANG_ANALYZER_NUMBER_OBJECT_CONVERSION = YES_AGGRESSIVE;
				CLANG_CXX_LANGUAGE_STANDARD = "gnu++17";
				CLANG_ENABLE_MODULES = YES;
				CLANG_ENABLE_OBJC_ARC = YES;
				CLANG_ENABLE_OBJC_WEAK = YES;
				CLANG_WARN_BLOCK_CAPTURE_AUTORELEASING = YES;
				CLANG_WARN_BOOL_CONVERSION = YES;
				CLANG_WARN_COMMA = YES;
				CLANG_WARN_CONSTANT_CONVERSION = YES;
				CLANG_WARN_DEPRECATED_OBJC_IMPLEMENTATIONS = YES;
				CLANG_WARN_DIRECT_OBJC_ISA_USAGE = YES_ERROR;
				CLANG_WARN_DOCUMENTATION_COMMENTS = YES;
				CLANG_WARN_EMPTY_BODY = YES;
				CLANG_WARN_ENUM_CONVERSION = YES;
				CLANG_WARN_INFINITE_RECURSION = YES;
				CLANG_WARN_INT_CONVERSION = YES;
				CLANG_WARN_NON_LITERAL_NULL_CONVERSION = YES;
				CLANG_WARN_OBJC_IMPLICIT_RETAIN_SELF = YES;
				CLANG_WARN_OBJC_LITERAL_CONVERSION = YES;
				CLANG_WARN_OBJC_ROOT_CLASS = YES_ERROR;
				CLANG_WARN_QUOTED_INCLUDE_IN_FRAMEWORK_HEADER = YES;
				CLANG_WARN_RANGE_LOOP_ANALYSIS = YES;
				CLANG_WARN_STRICT_PROTOTYPES = YES;
				CLANG_WARN_SUSPICIOUS_MOVE = YES;
				CLANG_WARN_UNGUARDED_AVAILABILITY = YES_AGGRESSIVE;
				CLANG_WARN_UNREACHABLE_CODE = YES;
				CLANG_WARN__DUPLICATE_METHOD_MATCH = YES;
				COPY_PHASE_STRIP = NO;
				DEBUG_INFORMATION_FORMAT = "dwarf-with-dsym";
				ENABLE_NS_ASSERTIONS = NO;
				ENABLE_STRICT_OBJC_MSGSEND = YES;
				GCC_C_LANGUAGE_STANDARD = gnu11;
				GCC_NO_COMMON_BLOCKS = YES;
				GCC_WARN_64_TO_32_BIT_CONVERSION = YES;
				GCC_WARN_ABOUT_RETURN_TYPE = YES_ERROR;
				GCC_WARN_UNDECLARED_SELECTOR = YES;
				GCC_WARN_UNINITIALIZED_AUTOS = YES_AGGRESSIVE;
				GCC_WARN_UNUSED_FUNCTION = YES;
				GCC_WARN_UNUSED_VARIABLE = YES;
				IPHONEOS_DEPLOYMENT_TARGET = 15.5;
				MTL_ENABLE_DEBUG_INFO = NO;
				MTL_FAST_MATH = YES;
				SDKROOT = iphoneos;
				SWIFT_COMPILATION_MODE = wholemodule;
				SWIFT_OPTIMIZATION_LEVEL = "-O";
				VALIDATE_PRODUCT = YES;
			};
			name = Release;
		};
		2E3DDF2928D0A31000D3EC00 /* Debug */ = {
			isa = XCBuildConfiguration;
			buildSettings = {
				ASSETCATALOG_COMPILER_APPICON_NAME = AppIcon;
				ASSETCATALOG_COMPILER_GLOBAL_ACCENT_COLOR_NAME = AccentColor;
				CODE_SIGN_STYLE = Automatic;
				CURRENT_PROJECT_VERSION = 1;
				DEVELOPMENT_ASSET_PATHS = "\"Ticolingo/Preview Content\"";
				ENABLE_PREVIEWS = YES;
				GENERATE_INFOPLIST_FILE = YES;
				INFOPLIST_KEY_UIApplicationSceneManifest_Generation = YES;
				INFOPLIST_KEY_UIApplicationSupportsIndirectInputEvents = YES;
				INFOPLIST_KEY_UILaunchScreen_Generation = YES;
				INFOPLIST_KEY_UISupportedInterfaceOrientations_iPad = "UIInterfaceOrientationPortrait UIInterfaceOrientationPortraitUpsideDown UIInterfaceOrientationLandscapeLeft UIInterfaceOrientationLandscapeRight";
				INFOPLIST_KEY_UISupportedInterfaceOrientations_iPhone = "UIInterfaceOrientationPortrait UIInterfaceOrientationLandscapeLeft UIInterfaceOrientationLandscapeRight";
				LD_RUNPATH_SEARCH_PATHS = (
					"$(inherited)",
					"@executable_path/Frameworks",
				);
				MARKETING_VERSION = 1.0;
				PRODUCT_BUNDLE_IDENTIFIER = com.natalie.Ticolingo;
				PRODUCT_NAME = "$(TARGET_NAME)";
				SWIFT_EMIT_LOC_STRINGS = YES;
				SWIFT_VERSION = 5.0;
				TARGETED_DEVICE_FAMILY = "1,2";
			};
			name = Debug;
		};
		2E3DDF2A28D0A31000D3EC00 /* Release */ = {
			isa = XCBuildConfiguration;
			buildSettings = {
				ASSETCATALOG_COMPILER_APPICON_NAME = AppIcon;
				ASSETCATALOG_COMPILER_GLOBAL_ACCENT_COLOR_NAME = AccentColor;
				CODE_SIGN_STYLE = Automatic;
				CURRENT_PROJECT_VERSION = 1;
				DEVELOPMENT_ASSET_PATHS = "\"Ticolingo/Preview Content\"";
				ENABLE_PREVIEWS = YES;
				GENERATE_INFOPLIST_FILE = YES;
				INFOPLIST_KEY_UIApplicationSceneManifest_Generation = YES;
				INFOPLIST_KEY_UIApplicationSupportsIndirectInputEvents = YES;
				INFOPLIST_KEY_UILaunchScreen_Generation = YES;
				INFOPLIST_KEY_UISupportedInterfaceOrientations_iPad = "UIInterfaceOrientationPortrait UIInterfaceOrientationPortraitUpsideDown UIInterfaceOrientationLandscapeLeft UIInterfaceOrientationLandscapeRight";
				INFOPLIST_KEY_UISupportedInterfaceOrientations_iPhone = "UIInterfaceOrientationPortrait UIInterfaceOrientationLandscapeLeft UIInterfaceOrientationLandscapeRight";
				LD_RUNPATH_SEARCH_PATHS = (
					"$(inherited)",
					"@executable_path/Frameworks",
				);
				MARKETING_VERSION = 1.0;
				PRODUCT_BUNDLE_IDENTIFIER = com.natalie.Ticolingo;
				PRODUCT_NAME = "$(TARGET_NAME)";
				SWIFT_EMIT_LOC_STRINGS = YES;
				SWIFT_VERSION = 5.0;
				TARGETED_DEVICE_FAMILY = "1,2";
			};
			name = Release;
		};
/* End XCBuildConfiguration section */

/* Begin XCConfigurationList section */
		2E3DDF1528D0A30D00D3EC00 /* Build configuration list for PBXProject "Ticolingo" */ = {
			isa = XCConfigurationList;
			buildConfigurations = (
				2E3DDF2628D0A31000D3EC00 /* Debug */,
				2E3DDF2728D0A31000D3EC00 /* Release */,
			);
			defaultConfigurationIsVisible = 0;
			defaultConfigurationName = Release;
		};
		2E3DDF2828D0A31000D3EC00 /* Build configuration list for PBXNativeTarget "Ticolingo" */ = {
			isa = XCConfigurationList;
			buildConfigurations = (
				2E3DDF2928D0A31000D3EC00 /* Debug */,
				2E3DDF2A28D0A31000D3EC00 /* Release */,
			);
			defaultConfigurationIsVisible = 0;
			defaultConfigurationName = Release;
		};
/* End XCConfigurationList section */
	};
	rootObject = 2E3DDF1228D0A30D00D3EC00 /* Project object */;
}
